
Microsoft Visual Studio Solution File, Format Version 12.00
# Visual Studio 15
VisualStudioVersion = 15.0.28307.438
MinimumVisualStudioVersion = 10.0.40219.1
Project("{8BC9CEB8-8B4A-11D0-8D11-00A0C91BC942}") = "ProjectShort", "ProjectShort\ProjectShort.vcxproj", "{668F5F38-DA05-40BA-9418-E9482973906C}"
EndProject
Global
	GlobalSection(SolutionConfigurationPlatforms) = preSolution
		Debug|x64 = Debug|x64
		Debug|x86 = Debug|x86
		Release|x64 = Release|x64
		Release|x86 = Release|x86
	EndGlobalSection
	GlobalSection(ProjectConfigurationPlatforms) = postSolution
		{668F5F38-DA05-40BA-9418-E9482973906C}.Debug|x64.ActiveCfg = Debug|x64
		{668F5F38-DA05-40BA-9418-E9482973906C}.Debug|x64.Build.0 = Debug|x64
		{668F5F38-DA05-40BA-9418-E9482973906C}.Debug|x86.ActiveCfg = Debug|Win32
		{668F5F38-DA05-40BA-9418-E9482973906C}.Debug|x86.Build.0 = Debug|Win32
		{668F5F38-DA05-40BA-9418-E9482973906C}.Release|x64.ActiveCfg = Release|x64
		{668F5F38-DA05-40BA-9418-E9482973906C}.Release|x64.Build.0 = Release|x64
		{668F5F38-DA05-40BA-9418-E9482973906C}.Release|x86.ActiveCfg = Release|Win32
		{668F5F38-DA05-40BA-9418-E9482973906C}.Release|x86.Build.0 = Release|Win32
	EndGlobalSection
	GlobalSection(SolutionProperties) = preSolution
		HideSolutionNode = FALSE
	EndGlobalSection
	GlobalSection(ExtensibilityGlobals) = postSolution
		SolutionGuid = {499933ED-1F92-4757-A18E-4B33FBDF8764}
	EndGlobalSection
EndGlobal
